{
  "requires": true,
  "lockfileVersion": 1,
  "dependencies": {
    "angular-csv-import": {
      "version": "0.0.27",
      "resolved": "https://registry.npmjs.org/angular-csv-import/-/angular-csv-import-0.0.27.tgz",
      "integrity": "sha1-9LS1DrYA7rExeYPpix2hv6hTWe4=",
      "requires": {
        "grunt-bump": "0.0.14"
      }
    },
    "grunt-bump": {
      "version": "0.0.14",
      "resolved": "https://registry.npmjs.org/grunt-bump/-/grunt-bump-0.0.14.tgz",
      "integrity": "sha1-IwwypwyErqX5XRn/eYBMPKi4uL0=",
      "requires": {
        "semver": "1.1.4"
      }
    },
    "semver": {
      "version": "1.1.4",
      "resolved": "https://registry.npmjs.org/semver/-/semver-1.1.4.tgz",
      "integrity": "sha1-LlpOcrqwNHLMl/cnU7RQiRLvVUA="
    }
  }
}
